
Microsoft Visual Studio Solution File, Format Version 11.00
# Visual Studio 2010
Project("{8BC9CEB8-8B4A-11D0-8D11-00A0C91BC942}") = "binary_search", "binary_search\binary_search.vcxproj", "{B521D0AB-8CD0-4608-BBC9-A7A52E2E4CE9}"
EndProject
Global
	GlobalSection(SolutionConfigurationPlatforms) = preSolution
		Debug|Win32 = Debug|Win32
		Release|Win32 = Release|Win32
	EndGlobalSection
	GlobalSection(ProjectConfigurationPlatforms) = postSolution
		{B521D0AB-8CD0-4608-BBC9-A7A52E2E4CE9}.Debug|Win32.ActiveCfg = Debug|Win32
		{B521D0AB-8CD0-4608-BBC9-A7A52E2E4CE9}.Debug|Win32.Build.0 = Debug|Win32
		{B521D0AB-8CD0-4608-BBC9-A7A52E2E4CE9}.Release|Win32.ActiveCfg = Release|Win32
		{B521D0AB-8CD0-4608-BBC9-A7A52E2E4CE9}.Release|Win32.Build.0 = Release|Win32
	EndGlobalSection
	GlobalSection(SolutionProperties) = preSolution
		HideSolutionNode = FALSE
	EndGlobalSection
EndGlobal
